// !$*UTF8*$!
{
	archiveVersion = 1;
	classes = {
	};
	objectVersion = 48;
	objects = {

/* Begin PBXBuildFile section */
		0A5EE4FB2091950E00A4C214 /* StudentProfileViewController.swift in Sources */ = {isa = PBXBuildFile; fileRef = 0A5EE4F92091950E00A4C214 /* StudentProfileViewController.swift */; };
		0A5EE4FC2091950E00A4C214 /* StudentProfileViewController.xib in Resources */ = {isa = PBXBuildFile; fileRef = 0A5EE4FA2091950E00A4C214 /* StudentProfileViewController.xib */; };
		0A5EE4FF2091951F00A4C214 /* MentorProfileViewController.swift in Sources */ = {isa = PBXBuildFile; fileRef = 0A5EE4FD2091951F00A4C214 /* MentorProfileViewController.swift */; };
		0A5EE5002091951F00A4C214 /* MentorProfileViewController.xib in Resources */ = {isa = PBXBuildFile; fileRef = 0A5EE4FE2091951F00A4C214 /* MentorProfileViewController.xib */; };
		0A5EE5032091956F00A4C214 /* AdminProfileViewController.swift in Sources */ = {isa = PBXBuildFile; fileRef = 0A5EE5012091956F00A4C214 /* AdminProfileViewController.swift */; };
		0A5EE5042091956F00A4C214 /* AdminProfileViewController.xib in Resources */ = {isa = PBXBuildFile; fileRef = 0A5EE5022091956F00A4C214 /* AdminProfileViewController.xib */; };
		0AAE8AFF208FA68C007FE373 /* SignUpViewController.swift in Sources */ = {isa = PBXBuildFile; fileRef = 0AAE8AFE208FA68C007FE373 /* SignUpViewController.swift */; };
		0AD47C4A20904C02000F3319 /* LoginViewController.swift in Sources */ = {isa = PBXBuildFile; fileRef = 0AD47C4920904C02000F3319 /* LoginViewController.swift */; };
		4D410571212D112400632D8F /* HomeScreenViewController.swift in Sources */ = {isa = PBXBuildFile; fileRef = 4D410570212D112400632D8F /* HomeScreenViewController.swift */; };
		4D410573212D15CC00632D8F /* NameHeader.storyboard in Resources */ = {isa = PBXBuildFile; fileRef = 4D410572212D15CC00632D8F /* NameHeader.storyboard */; };
		4D410575212D197F00632D8F /* NameHeaderViewController.swift in Sources */ = {isa = PBXBuildFile; fileRef = 4D410574212D197F00632D8F /* NameHeaderViewController.swift */; };
		4D417DE8208D5B4E00B4E3FA /* AppDelegate.swift in Sources */ = {isa = PBXBuildFile; fileRef = 4D417DE7208D5B4E00B4E3FA /* AppDelegate.swift */; };
		4D417DED208D5B4E00B4E3FA /* Main.storyboard in Resources */ = {isa = PBXBuildFile; fileRef = 4D417DEB208D5B4E00B4E3FA /* Main.storyboard */; };
		4D417DF0208D5B4E00B4E3FA /* cs_mentoring.xcdatamodeld in Sources */ = {isa = PBXBuildFile; fileRef = 4D417DEE208D5B4E00B4E3FA /* cs_mentoring.xcdatamodeld */; };
		4D417DF2208D5B4E00B4E3FA /* Assets.xcassets in Resources */ = {isa = PBXBuildFile; fileRef = 4D417DF1208D5B4E00B4E3FA /* Assets.xcassets */; };
		4D417DF5208D5B4E00B4E3FA /* LaunchScreen.storyboard in Resources */ = {isa = PBXBuildFile; fileRef = 4D417DF3208D5B4E00B4E3FA /* LaunchScreen.storyboard */; };
		4D4B62C42093BCDE00A674B5 /* Info.plist in Resources */ = {isa = PBXBuildFile; fileRef = 4D417DF6208D5B4E00B4E3FA /* Info.plist */; };
		4D61D78F213E30CE001438DA /* InterestsCollectionViewCell.swift in Sources */ = {isa = PBXBuildFile; fileRef = 4D61D78E213E30CE001438DA /* InterestsCollectionViewCell.swift */; };
		4D61D792213F014A001438DA /* Users.storyboard in Resources */ = {isa = PBXBuildFile; fileRef = 4D61D791213F014A001438DA /* Users.storyboard */; };
		4D61D794213F0166001438DA /* UsersViewController.swift in Sources */ = {isa = PBXBuildFile; fileRef = 4D61D793213F0166001438DA /* UsersViewController.swift */; };
		4D61D797213F21C2001438DA /* Extensions.swift in Sources */ = {isa = PBXBuildFile; fileRef = 4D61D796213F21C2001438DA /* Extensions.swift */; };
		4DEF73CE213A2B7900A71184 /* Bio.storyboard in Resources */ = {isa = PBXBuildFile; fileRef = 4DEF73CD213A2B7900A71184 /* Bio.storyboard */; };
		4DEF73D0213A2B8600A71184 /* BioViewController.swift in Sources */ = {isa = PBXBuildFile; fileRef = 4DEF73CF213A2B8600A71184 /* BioViewController.swift */; };
		4DEF73D6213A31E700A71184 /* Karla-Regular.ttf in Resources */ = {isa = PBXBuildFile; fileRef = 4DEF73D2213A31E700A71184 /* Karla-Regular.ttf */; };
		4DEF73D7213A31E700A71184 /* SpaceMono-Regular.ttf in Resources */ = {isa = PBXBuildFile; fileRef = 4DEF73D3213A31E700A71184 /* SpaceMono-Regular.ttf */; };
		4DEF73D8213A31E700A71184 /* Karla-Bold.ttf in Resources */ = {isa = PBXBuildFile; fileRef = 4DEF73D4213A31E700A71184 /* Karla-Bold.ttf */; };
		4DEF73D9213A31E700A71184 /* SpaceMono-Bold.ttf in Resources */ = {isa = PBXBuildFile; fileRef = 4DEF73D5213A31E700A71184 /* SpaceMono-Bold.ttf */; };
		4DEF73DC213A32D000A71184 /* Interests.storyboard in Resources */ = {isa = PBXBuildFile; fileRef = 4DEF73DB213A32D000A71184 /* Interests.storyboard */; };
		4DEF73DE213A32DD00A71184 /* InterestsViewController.swift in Sources */ = {isa = PBXBuildFile; fileRef = 4DEF73DD213A32DD00A71184 /* InterestsViewController.swift */; };
/* End PBXBuildFile section */

/* Begin PBXFileReference section */
		0A5EE4F92091950E00A4C214 /* StudentProfileViewController.swift */ = {isa = PBXFileReference; lastKnownFileType = sourcecode.swift; path = StudentProfileViewController.swift; sourceTree = "<group>"; };
		0A5EE4FA2091950E00A4C214 /* StudentProfileViewController.xib */ = {isa = PBXFileReference; lastKnownFileType = file.xib; path = StudentProfileViewController.xib; sourceTree = "<group>"; };
		0A5EE4FD2091951F00A4C214 /* MentorProfileViewController.swift */ = {isa = PBXFileReference; lastKnownFileType = sourcecode.swift; path = MentorProfileViewController.swift; sourceTree = "<group>"; };
		0A5EE4FE2091951F00A4C214 /* MentorProfileViewController.xib */ = {isa = PBXFileReference; lastKnownFileType = file.xib; path = MentorProfileViewController.xib; sourceTree = "<group>"; };
		0A5EE5012091956F00A4C214 /* AdminProfileViewController.swift */ = {isa = PBXFileReference; lastKnownFileType = sourcecode.swift; path = AdminProfileViewController.swift; sourceTree = "<group>"; };
		0A5EE5022091956F00A4C214 /* AdminProfileViewController.xib */ = {isa = PBXFileReference; lastKnownFileType = file.xib; path = AdminProfileViewController.xib; sourceTree = "<group>"; };
		0AAE8AFE208FA68C007FE373 /* SignUpViewController.swift */ = {isa = PBXFileReference; lastKnownFileType = sourcecode.swift; path = SignUpViewController.swift; sourceTree = "<group>"; };
		0AD47C4920904C02000F3319 /* LoginViewController.swift */ = {isa = PBXFileReference; lastKnownFileType = sourcecode.swift; path = LoginViewController.swift; sourceTree = "<group>"; };
		4D410570212D112400632D8F /* HomeScreenViewController.swift */ = {isa = PBXFileReference; lastKnownFileType = sourcecode.swift; path = HomeScreenViewController.swift; sourceTree = "<group>"; };
		4D410572212D15CC00632D8F /* NameHeader.storyboard */ = {isa = PBXFileReference; lastKnownFileType = file.storyboard; path = NameHeader.storyboard; sourceTree = "<group>"; };
		4D410574212D197F00632D8F /* NameHeaderViewController.swift */ = {isa = PBXFileReference; lastKnownFileType = sourcecode.swift; path = NameHeaderViewController.swift; sourceTree = "<group>"; };
		4D417DE4208D5B4E00B4E3FA /* cs-mentoring.app */ = {isa = PBXFileReference; explicitFileType = wrapper.application; includeInIndex = 0; path = "cs-mentoring.app"; sourceTree = BUILT_PRODUCTS_DIR; };
		4D417DE7208D5B4E00B4E3FA /* AppDelegate.swift */ = {isa = PBXFileReference; lastKnownFileType = sourcecode.swift; path = AppDelegate.swift; sourceTree = "<group>"; };
		4D417DEC208D5B4E00B4E3FA /* Base */ = {isa = PBXFileReference; lastKnownFileType = file.storyboard; name = Base; path = Base.lproj/Main.storyboard; sourceTree = "<group>"; };
		4D417DEF208D5B4E00B4E3FA /* cs_mentoring.xcdatamodel */ = {isa = PBXFileReference; lastKnownFileType = wrapper.xcdatamodel; path = cs_mentoring.xcdatamodel; sourceTree = "<group>"; };
		4D417DF1208D5B4E00B4E3FA /* Assets.xcassets */ = {isa = PBXFileReference; lastKnownFileType = folder.assetcatalog; path = Assets.xcassets; sourceTree = "<group>"; };
		4D417DF4208D5B4E00B4E3FA /* Base */ = {isa = PBXFileReference; lastKnownFileType = file.storyboard; name = Base; path = Base.lproj/LaunchScreen.storyboard; sourceTree = "<group>"; };
		4D417DF6208D5B4E00B4E3FA /* Info.plist */ = {isa = PBXFileReference; lastKnownFileType = text.plist.xml; path = Info.plist; sourceTree = "<group>"; };
		4D61D78E213E30CE001438DA /* InterestsCollectionViewCell.swift */ = {isa = PBXFileReference; lastKnownFileType = sourcecode.swift; path = InterestsCollectionViewCell.swift; sourceTree = "<group>"; };
		4D61D791213F014A001438DA /* Users.storyboard */ = {isa = PBXFileReference; lastKnownFileType = file.storyboard; path = Users.storyboard; sourceTree = "<group>"; };
		4D61D793213F0166001438DA /* UsersViewController.swift */ = {isa = PBXFileReference; lastKnownFileType = sourcecode.swift; path = UsersViewController.swift; sourceTree = "<group>"; };
		4D61D796213F21C2001438DA /* Extensions.swift */ = {isa = PBXFileReference; lastKnownFileType = sourcecode.swift; path = Extensions.swift; sourceTree = "<group>"; };
		4DEF73CD213A2B7900A71184 /* Bio.storyboard */ = {isa = PBXFileReference; lastKnownFileType = file.storyboard; path = Bio.storyboard; sourceTree = "<group>"; };
		4DEF73CF213A2B8600A71184 /* BioViewController.swift */ = {isa = PBXFileReference; lastKnownFileType = sourcecode.swift; path = BioViewController.swift; sourceTree = "<group>"; };
		4DEF73D2213A31E700A71184 /* Karla-Regular.ttf */ = {isa = PBXFileReference; lastKnownFileType = file; path = "Karla-Regular.ttf"; sourceTree = "<group>"; };
		4DEF73D3213A31E700A71184 /* SpaceMono-Regular.ttf */ = {isa = PBXFileReference; lastKnownFileType = file; path = "SpaceMono-Regular.ttf"; sourceTree = "<group>"; };
		4DEF73D4213A31E700A71184 /* Karla-Bold.ttf */ = {isa = PBXFileReference; lastKnownFileType = file; path = "Karla-Bold.ttf"; sourceTree = "<group>"; };
		4DEF73D5213A31E700A71184 /* SpaceMono-Bold.ttf */ = {isa = PBXFileReference; lastKnownFileType = file; path = "SpaceMono-Bold.ttf"; sourceTree = "<group>"; };
		4DEF73DB213A32D000A71184 /* Interests.storyboard */ = {isa = PBXFileReference; lastKnownFileType = file.storyboard; path = Interests.storyboard; sourceTree = "<group>"; };
		4DEF73DD213A32DD00A71184 /* InterestsViewController.swift */ = {isa = PBXFileReference; lastKnownFileType = sourcecode.swift; path = InterestsViewController.swift; sourceTree = "<group>"; };
/* End PBXFileReference section */

/* Begin PBXFrameworksBuildPhase section */
		4D417DE1208D5B4E00B4E3FA /* Frameworks */ = {
			isa = PBXFrameworksBuildPhase;
			buildActionMask = 2147483647;
			files = (
			);
			runOnlyForDeploymentPostprocessing = 0;
		};
/* End PBXFrameworksBuildPhase section */

/* Begin PBXGroup section */
		4D417DDB208D5B4E00B4E3FA = {
			isa = PBXGroup;
			children = (
				4D417DE6208D5B4E00B4E3FA /* cs-mentoring */,
				4D417DE5208D5B4E00B4E3FA /* Products */,
			);
			sourceTree = "<group>";
		};
		4D417DE5208D5B4E00B4E3FA /* Products */ = {
			isa = PBXGroup;
			children = (
				4D417DE4208D5B4E00B4E3FA /* cs-mentoring.app */,
			);
			name = Products;
			sourceTree = "<group>";
		};
		4D417DE6208D5B4E00B4E3FA /* cs-mentoring */ = {
			isa = PBXGroup;
			children = (
				4DEF73DA213A32C100A71184 /* Interests */,
				4DEF73D1213A318600A71184 /* Fonts */,
				4DEF73CB213A270200A71184 /* NameHeader */,
				4DEF73CC213A2B6C00A71184 /* Bio */,
				4D417DE7208D5B4E00B4E3FA /* AppDelegate.swift */,
				0AAE8AFE208FA68C007FE373 /* SignUpViewController.swift */,
				4D417DEB208D5B4E00B4E3FA /* Main.storyboard */,
				4D417DF1208D5B4E00B4E3FA /* Assets.xcassets */,
				4D417DF3208D5B4E00B4E3FA /* LaunchScreen.storyboard */,
				4D417DF6208D5B4E00B4E3FA /* Info.plist */,
				4D417DEE208D5B4E00B4E3FA /* cs_mentoring.xcdatamodeld */,
				4D61D796213F21C2001438DA /* Extensions.swift */,
				0AD47C4920904C02000F3319 /* LoginViewController.swift */,
				0A5EE4F92091950E00A4C214 /* StudentProfileViewController.swift */,
				0A5EE4FA2091950E00A4C214 /* StudentProfileViewController.xib */,
				0A5EE4FD2091951F00A4C214 /* MentorProfileViewController.swift */,
				0A5EE4FE2091951F00A4C214 /* MentorProfileViewController.xib */,
				0A5EE5012091956F00A4C214 /* AdminProfileViewController.swift */,
				0A5EE5022091956F00A4C214 /* AdminProfileViewController.xib */,
				4D410570212D112400632D8F /* HomeScreenViewController.swift */,
				4D61D790213F00E9001438DA /* Users */,
			);
			path = "cs-mentoring";
			sourceTree = "<group>";
		};
		4D61D790213F00E9001438DA /* Users */ = {
			isa = PBXGroup;
			children = (
				4D61D791213F014A001438DA /* Users.storyboard */,
				4D61D793213F0166001438DA /* UsersViewController.swift */,
			);
			path = Users;
			sourceTree = "<group>";
		};
		4DEF73CB213A270200A71184 /* NameHeader */ = {
			isa = PBXGroup;
			children = (
				4D410572212D15CC00632D8F /* NameHeader.storyboard */,
				4D410574212D197F00632D8F /* NameHeaderViewController.swift */,
			);
			path = NameHeader;
			sourceTree = "<group>";
		};
		4DEF73CC213A2B6C00A71184 /* Bio */ = {
			isa = PBXGroup;
			children = (
				4DEF73CD213A2B7900A71184 /* Bio.storyboard */,
				4DEF73CF213A2B8600A71184 /* BioViewController.swift */,
			);
			path = Bio;
			sourceTree = "<group>";
		};
		4DEF73D1213A318600A71184 /* Fonts */ = {
			isa = PBXGroup;
			children = (
				4DEF73D4213A31E700A71184 /* Karla-Bold.ttf */,
				4DEF73D2213A31E700A71184 /* Karla-Regular.ttf */,
				4DEF73D5213A31E700A71184 /* SpaceMono-Bold.ttf */,
				4DEF73D3213A31E700A71184 /* SpaceMono-Regular.ttf */,
			);
			path = Fonts;
			sourceTree = "<group>";
		};
		4DEF73DA213A32C100A71184 /* Interests */ = {
			isa = PBXGroup;
			children = (
				4DEF73DB213A32D000A71184 /* Interests.storyboard */,
				4DEF73DD213A32DD00A71184 /* InterestsViewController.swift */,
				4D61D78E213E30CE001438DA /* InterestsCollectionViewCell.swift */,
			);
			path = Interests;
			sourceTree = "<group>";
		};
/* End PBXGroup section */

/* Begin PBXNativeTarget section */
		4D417DE3208D5B4E00B4E3FA /* cs-mentoring */ = {
			isa = PBXNativeTarget;
			buildConfigurationList = 4D417DF9208D5B4E00B4E3FA /* Build configuration list for PBXNativeTarget "cs-mentoring" */;
			buildPhases = (
				4D417DE0208D5B4E00B4E3FA /* Sources */,
				4D417DE1208D5B4E00B4E3FA /* Frameworks */,
				4D417DE2208D5B4E00B4E3FA /* Resources */,
			);
			buildRules = (
			);
			dependencies = (
			);
			name = "cs-mentoring";
			productName = "cs-mentoring";
			productReference = 4D417DE4208D5B4E00B4E3FA /* cs-mentoring.app */;
			productType = "com.apple.product-type.application";
		};
/* End PBXNativeTarget section */

/* Begin PBXProject section */
		4D417DDC208D5B4E00B4E3FA /* Project object */ = {
			isa = PBXProject;
			attributes = {
				LastSwiftUpdateCheck = 0920;
				LastUpgradeCheck = 0920;
				ORGANIZATIONNAME = "Patricia Figueroa";
				TargetAttributes = {
					4D417DE3208D5B4E00B4E3FA = {
						CreatedOnToolsVersion = 9.2;
						ProvisioningStyle = Automatic;
					};
				};
			};
			buildConfigurationList = 4D417DDF208D5B4E00B4E3FA /* Build configuration list for PBXProject "cs-mentoring" */;
			compatibilityVersion = "Xcode 8.0";
			developmentRegion = en;
			hasScannedForEncodings = 0;
			knownRegions = (
				en,
				Base,
			);
			mainGroup = 4D417DDB208D5B4E00B4E3FA;
			productRefGroup = 4D417DE5208D5B4E00B4E3FA /* Products */;
			projectDirPath = "";
			projectRoot = "";
			targets = (
				4D417DE3208D5B4E00B4E3FA /* cs-mentoring */,
			);
		};
/* End PBXProject section */

/* Begin PBXResourcesBuildPhase section */
		4D417DE2208D5B4E00B4E3FA /* Resources */ = {
			isa = PBXResourcesBuildPhase;
			buildActionMask = 2147483647;
			files = (
				0A5EE5002091951F00A4C214 /* MentorProfileViewController.xib in Resources */,
				4DEF73D7213A31E700A71184 /* SpaceMono-Regular.ttf in Resources */,
				0A5EE4FC2091950E00A4C214 /* StudentProfileViewController.xib in Resources */,
				4DEF73D8213A31E700A71184 /* Karla-Bold.ttf in Resources */,
				0A5EE5042091956F00A4C214 /* AdminProfileViewController.xib in Resources */,
				4D417DF5208D5B4E00B4E3FA /* LaunchScreen.storyboard in Resources */,
				4D61D792213F014A001438DA /* Users.storyboard in Resources */,
				4D4B62C42093BCDE00A674B5 /* Info.plist in Resources */,
				4DEF73D9213A31E700A71184 /* SpaceMono-Bold.ttf in Resources */,
				4D417DF2208D5B4E00B4E3FA /* Assets.xcassets in Resources */,
				4DEF73CE213A2B7900A71184 /* Bio.storyboard in Resources */,
				4DEF73DC213A32D000A71184 /* Interests.storyboard in Resources */,
				4DEF73D6213A31E700A71184 /* Karla-Regular.ttf in Resources */,
				4D410573212D15CC00632D8F /* NameHeader.storyboard in Resources */,
				4D417DED208D5B4E00B4E3FA /* Main.storyboard in Resources */,
			);
			runOnlyForDeploymentPostprocessing = 0;
		};
/* End PBXResourcesBuildPhase section */

/* Begin PBXSourcesBuildPhase section */
		4D417DE0208D5B4E00B4E3FA /* Sources */ = {
			isa = PBXSourcesBuildPhase;
			buildActionMask = 2147483647;
			files = (
				0A5EE5032091956F00A4C214 /* AdminProfileViewController.swift in Sources */,
				0A5EE4FB2091950E00A4C214 /* StudentProfileViewController.swift in Sources */,
				4D61D794213F0166001438DA /* UsersViewController.swift in Sources */,
				0A5EE4FF2091951F00A4C214 /* MentorProfileViewController.swift in Sources */,
				4D417DF0208D5B4E00B4E3FA /* cs_mentoring.xcdatamodeld in Sources */,
				4D61D797213F21C2001438DA /* Extensions.swift in Sources */,
				4DEF73DE213A32DD00A71184 /* InterestsViewController.swift in Sources */,
				4D410571212D112400632D8F /* HomeScreenViewController.swift in Sources */,
				0AAE8AFF208FA68C007FE373 /* SignUpViewController.swift in Sources */,
				0AD47C4A20904C02000F3319 /* LoginViewController.swift in Sources */,
				4D61D78F213E30CE001438DA /* InterestsCollectionViewCell.swift in Sources */,
				4D410575212D197F00632D8F /* NameHeaderViewController.swift in Sources */,
				4D417DE8208D5B4E00B4E3FA /* AppDelegate.swift in Sources */,
				4DEF73D0213A2B8600A71184 /* BioViewController.swift in Sources */,
			);
			runOnlyForDeploymentPostprocessing = 0;
		};
/* End PBXSourcesBuildPhase section */

/* Begin PBXVariantGroup section */
		4D417DEB208D5B4E00B4E3FA /* Main.storyboard */ = {
			isa = PBXVariantGroup;
			children = (
				4D417DEC208D5B4E00B4E3FA /* Base */,
			);
			name = Main.storyboard;
			sourceTree = "<group>";
		};
		4D417DF3208D5B4E00B4E3FA /* LaunchScreen.storyboard */ = {
			isa = PBXVariantGroup;
			children = (
				4D417DF4208D5B4E00B4E3FA /* Base */,
			);
			name = LaunchScreen.storyboard;
			sourceTree = "<group>";
		};
/* End PBXVariantGroup section */

/* Begin XCBuildConfiguration section */
		4D417DF7208D5B4E00B4E3FA /* Debug */ = {
			isa = XCBuildConfiguration;
			buildSettings = {
				ALWAYS_SEARCH_USER_PATHS = NO;
				CLANG_ANALYZER_NONNULL = YES;
				CLANG_ANALYZER_NUMBER_OBJECT_CONVERSION = YES_AGGRESSIVE;
				CLANG_CXX_LANGUAGE_STANDARD = "gnu++14";
				CLANG_CXX_LIBRARY = "libc++";
				CLANG_ENABLE_MODULES = YES;
				CLANG_ENABLE_OBJC_ARC = YES;
				CLANG_WARN_BLOCK_CAPTURE_AUTORELEASING = YES;
				CLANG_WARN_BOOL_CONVERSION = YES;
				CLANG_WARN_COMMA = YES;
				CLANG_WARN_CONSTANT_CONVERSION = YES;
				CLANG_WARN_DIRECT_OBJC_ISA_USAGE = YES_ERROR;
				CLANG_WARN_DOCUMENTATION_COMMENTS = YES;
				CLANG_WARN_EMPTY_BODY = YES;
				CLANG_WARN_ENUM_CONVERSION = YES;
				CLANG_WARN_INFINITE_RECURSION = YES;
				CLANG_WARN_INT_CONVERSION = YES;
				CLANG_WARN_NON_LITERAL_NULL_CONVERSION = YES;
				CLANG_WARN_OBJC_LITERAL_CONVERSION = YES;
				CLANG_WARN_OBJC_ROOT_CLASS = YES_ERROR;
				CLANG_WARN_RANGE_LOOP_ANALYSIS = YES;
				CLANG_WARN_STRICT_PROTOTYPES = YES;
				CLANG_WARN_SUSPICIOUS_MOVE = YES;
				CLANG_WARN_UNGUARDED_AVAILABILITY = YES_AGGRESSIVE;
				CLANG_WARN_UNREACHABLE_CODE = YES;
				CLANG_WARN__DUPLICATE_METHOD_MATCH = YES;
				CODE_SIGN_IDENTITY = "iPhone Developer";
				COPY_PHASE_STRIP = NO;
				DEBUG_INFORMATION_FORMAT = dwarf;
				ENABLE_STRICT_OBJC_MSGSEND = YES;
				ENABLE_TESTABILITY = YES;
				GCC_C_LANGUAGE_STANDARD = gnu11;
				GCC_DYNAMIC_NO_PIC = NO;
				GCC_NO_COMMON_BLOCKS = YES;
				GCC_OPTIMIZATION_LEVEL = 0;
				GCC_PREPROCESSOR_DEFINITIONS = (
					"DEBUG=1",
					"$(inherited)",
				);
				GCC_WARN_64_TO_32_BIT_CONVERSION = YES;
				GCC_WARN_ABOUT_RETURN_TYPE = YES_ERROR;
				GCC_WARN_UNDECLARED_SELECTOR = YES;
				GCC_WARN_UNINITIALIZED_AUTOS = YES_AGGRESSIVE;
				GCC_WARN_UNUSED_FUNCTION = YES;
				GCC_WARN_UNUSED_VARIABLE = YES;
				IPHONEOS_DEPLOYMENT_TARGET = 11.2;
				MTL_ENABLE_DEBUG_INFO = YES;
				ONLY_ACTIVE_ARCH = YES;
				SDKROOT = iphoneos;
				SWIFT_ACTIVE_COMPILATION_CONDITIONS = DEBUG;
				SWIFT_OPTIMIZATION_LEVEL = "-Onone";
			};
			name = Debug;
		};
		4D417DF8208D5B4E00B4E3FA /* Release */ = {
			isa = XCBuildConfiguration;
			buildSettings = {
				ALWAYS_SEARCH_USER_PATHS = NO;
				CLANG_ANALYZER_NONNULL = YES;
				CLANG_ANALYZER_NUMBER_OBJECT_CONVERSION = YES_AGGRESSIVE;
				CLANG_CXX_LANGUAGE_STANDARD = "gnu++14";
				CLANG_CXX_LIBRARY = "libc++";
				CLANG_ENABLE_MODULES = YES;
				CLANG_ENABLE_OBJC_ARC = YES;
				CLANG_WARN_BLOCK_CAPTURE_AUTORELEASING = YES;
				CLANG_WARN_BOOL_CONVERSION = YES;
				CLANG_WARN_COMMA = YES;
				CLANG_WARN_CONSTANT_CONVERSION = YES;
				CLANG_WARN_DIRECT_OBJC_ISA_USAGE = YES_ERROR;
				CLANG_WARN_DOCUMENTATION_COMMENTS = YES;
				CLANG_WARN_EMPTY_BODY = YES;
				CLANG_WARN_ENUM_CONVERSION = YES;
				CLANG_WARN_INFINITE_RECURSION = YES;
				CLANG_WARN_INT_CONVERSION = YES;
				CLANG_WARN_NON_LITERAL_NULL_CONVERSION = YES;
				CLANG_WARN_OBJC_LITERAL_CONVERSION = YES;
				CLANG_WARN_OBJC_ROOT_CLASS = YES_ERROR;
				CLANG_WARN_RANGE_LOOP_ANALYSIS = YES;
				CLANG_WARN_STRICT_PROTOTYPES = YES;
				CLANG_WARN_SUSPICIOUS_MOVE = YES;
				CLANG_WARN_UNGUARDED_AVAILABILITY = YES_AGGRESSIVE;
				CLANG_WARN_UNREACHABLE_CODE = YES;
				CLANG_WARN__DUPLICATE_METHOD_MATCH = YES;
				CODE_SIGN_IDENTITY = "iPhone Developer";
				COPY_PHASE_STRIP = NO;
				DEBUG_INFORMATION_FORMAT = "dwarf-with-dsym";
				ENABLE_NS_ASSERTIONS = NO;
				ENABLE_STRICT_OBJC_MSGSEND = YES;
				GCC_C_LANGUAGE_STANDARD = gnu11;
				GCC_NO_COMMON_BLOCKS = YES;
				GCC_WARN_64_TO_32_BIT_CONVERSION = YES;
				GCC_WARN_ABOUT_RETURN_TYPE = YES_ERROR;
				GCC_WARN_UNDECLARED_SELECTOR = YES;
				GCC_WARN_UNINITIALIZED_AUTOS = YES_AGGRESSIVE;
				GCC_WARN_UNUSED_FUNCTION = YES;
				GCC_WARN_UNUSED_VARIABLE = YES;
				IPHONEOS_DEPLOYMENT_TARGET = 11.2;
				MTL_ENABLE_DEBUG_INFO = NO;
				SDKROOT = iphoneos;
				SWIFT_OPTIMIZATION_LEVEL = "-Owholemodule";
				VALIDATE_PRODUCT = YES;
			};
			name = Release;
		};
		4D417DFA208D5B4E00B4E3FA /* Debug */ = {
			isa = XCBuildConfiguration;
			buildSettings = {
				ASSETCATALOG_COMPILER_APPICON_NAME = AppIcon;
				CODE_SIGN_STYLE = Automatic;
				DEVELOPMENT_TEAM = UC7QL3KY83;
				INFOPLIST_FILE = "cs-mentoring/Info.plist";
				LD_RUNPATH_SEARCH_PATHS = "$(inherited) @executable_path/Frameworks";
				PRODUCT_BUNDLE_IDENTIFIER = "com.CSCI-4738.cs-mentoring";
				PRODUCT_NAME = "$(TARGET_NAME)";
				SWIFT_VERSION = 4.0;
				TARGETED_DEVICE_FAMILY = "1,2";
			};
			name = Debug;
		};
		4D417DFB208D5B4E00B4E3FA /* Release */ = {
			isa = XCBuildConfiguration;
			buildSettings = {
				ASSETCATALOG_COMPILER_APPICON_NAME = AppIcon;
				CODE_SIGN_STYLE = Automatic;
				DEVELOPMENT_TEAM = UC7QL3KY83;
				INFOPLIST_FILE = "cs-mentoring/Info.plist";
				LD_RUNPATH_SEARCH_PATHS = "$(inherited) @executable_path/Frameworks";
				PRODUCT_BUNDLE_IDENTIFIER = "com.CSCI-4738.cs-mentoring";
				PRODUCT_NAME = "$(TARGET_NAME)";
				SWIFT_VERSION = 4.0;
				TARGETED_DEVICE_FAMILY = "1,2";
			};
			name = Release;
		};
/* End XCBuildConfiguration section */

/* Begin XCConfigurationList section */
		4D417DDF208D5B4E00B4E3FA /* Build configuration list for PBXProject "cs-mentoring" */ = {
			isa = XCConfigurationList;
			buildConfigurations = (
				4D417DF7208D5B4E00B4E3FA /* Debug */,
				4D417DF8208D5B4E00B4E3FA /* Release */,
			);
			defaultConfigurationIsVisible = 0;
			defaultConfigurationName = Release;
		};
		4D417DF9208D5B4E00B4E3FA /* Build configuration list for PBXNativeTarget "cs-mentoring" */ = {
			isa = XCConfigurationList;
			buildConfigurations = (
				4D417DFA208D5B4E00B4E3FA /* Debug */,
				4D417DFB208D5B4E00B4E3FA /* Release */,
			);
			defaultConfigurationIsVisible = 0;
			defaultConfigurationName = Release;
		};
/* End XCConfigurationList section */

/* Begin XCVersionGroup section */
		4D417DEE208D5B4E00B4E3FA /* cs_mentoring.xcdatamodeld */ = {
			isa = XCVersionGroup;
			children = (
				4D417DEF208D5B4E00B4E3FA /* cs_mentoring.xcdatamodel */,
			);
			currentVersion = 4D417DEF208D5B4E00B4E3FA /* cs_mentoring.xcdatamodel */;
			path = cs_mentoring.xcdatamodeld;
			sourceTree = "<group>";
			versionGroupType = wrapper.xcdatamodel;
		};
/* End XCVersionGroup section */
	};
	rootObject = 4D417DDC208D5B4E00B4E3FA /* Project object */;
}
